{
  "name": "qcobjects-jexcel-demo",
  "version": "0.0.1",
  "lockfileVersion": 1,
  "requires": true,
  "dependencies": {
    "commander": {
      "version": "2.20.0",
      "resolved": "https://registry.npmjs.org/commander/-/commander-2.20.0.tgz",
      "integrity": "sha512-7j2y+40w61zy6YC2iRNpUe/NwhNyoXrYpHMrSunaMG64nRnaf96zO/KMQR4OyN/UnE5KLyEBnKHd4aG3rskjpQ=="
    },
    "handlebars": {
      "version": "4.7.7",
      "resolved": "https://registry.npmjs.org/handlebars/-/handlebars-4.7.7.tgz",
      "integrity": "sha512-aAcXm5OAfE/8IXkcZvCepKU3VzW1/39Fb5ZuqMtgI/hT8X2YgoMvBY5dLhq/cpOvw7Lk1nK/UF71aLG/ZnVYRA==",
      "requires": {
        "minimist": "^1.2.5",
        "neo-async": "^2.6.0",
        "source-map": "^0.6.1",
        "uglify-js": "^3.1.4",
        "wordwrap": "^1.0.0"
      },
      "dependencies": {
        "minimist": {
          "version": "1.2.8",
          "resolved": "https://registry.npmjs.org/minimist/-/minimist-1.2.8.tgz",
          "integrity": "sha512-2yyAR8qBkN3YuheJanUpWC5U3bb5osDywNB8RzDVlDwDHbocAJveqqj1u8+SVD7jkWT4yvsHCpWqqWqAxb0zCA=="
        },
        "wordwrap": {
          "version": "1.0.0",
          "resolved": "https://registry.npmjs.org/wordwrap/-/wordwrap-1.0.0.tgz",
          "integrity": "sha512-gvVzJFlPycKc5dZN4yPkP8w7Dc37BtP1yczEneOb4uq34pXZcvrtRTmWV8W+Ume+XCxKgbjM+nevkyFPMybd4Q=="
        }
      }
    },
    "mime": {
      "version": "2.4.4",
      "resolved": "https://registry.npmjs.org/mime/-/mime-2.4.4.tgz",
      "integrity": "sha512-LRxmNwziLPT828z+4YkNzloCFC2YM4wrB99k+AV5ZbEyfGNWfG8SO1FUXLmLDBSo89NrJZ4DIWeLjy1CHGhMGA=="
    },
    "neo-async": {
      "version": "2.6.1",
      "resolved": "https://registry.npmjs.org/neo-async/-/neo-async-2.6.1.tgz",
      "integrity": "sha512-iyam8fBuCUpWeKPGpaNMetEocMt364qkCsfL9JuhjXX6dRnguRVOfk2GZaDpPjcOKiiXCPINZC1GczQ7iTq3Zw=="
    },
    "qcobjects": {
      "version": "2.1.155",
      "resolved": "https://registry.npmjs.org/qcobjects/-/qcobjects-2.1.155.tgz",
      "integrity": "sha512-CUU47Y8nbMf2CfAxw8V/OVlKeqsbnRdIYFm0+H282t+xcmoLztjBfI7GQlgP/1XWMpDLXbdVTDFWYYmuKtLSyw==",
      "requires": {
        "qcobjects-cli": "^0.1.3",
        "qcobjects-sdk": "^0.0.117"
      }
    },
    "qcobjects-cli": {
      "version": "0.1.3",
      "resolved": "https://registry.npmjs.org/qcobjects-cli/-/qcobjects-cli-0.1.3.tgz",
      "integrity": "sha512-40LpHa7/eDgy6ocXPMnvNkVZxk3Co+yiBeOnUbLv1sb9OmYIgUEmnbYl89ORX2OEzdWUBnQZvHXjZHksJ6PCcQ==",
      "requires": {
        "commander": "^2.20.0",
        "handlebars": "^4.1.2",
        "mime": "^2.4.4",
        "qcobjects": "^2.1.152"
      }
    },
    "qcobjects-sdk": {
      "version": "0.0.117",
      "resolved": "https://registry.npmjs.org/qcobjects-sdk/-/qcobjects-sdk-0.0.117.tgz",
      "integrity": "sha512-WxTg63OeRcBJUKE5uXBt7iVuUI2eIAbx3GJrf8A77juOqJhvV2PpZOK6RYffXVsXhjpvnhFN7e9Gt6dttsRKDw=="
    },
    "source-map": {
      "version": "0.6.1",
      "resolved": "https://registry.npmjs.org/source-map/-/source-map-0.6.1.tgz",
      "integrity": "sha512-UjgapumWlbMhkBgzT7Ykc5YXUT46F0iKu8SGXq0bcwP5dz/h0Plj6enJqjz1Zbq2l5WaqYnrVbwWOWMyF3F47g=="
    },
    "uglify-js": {
      "version": "3.6.0",
      "resolved": "https://registry.npmjs.org/uglify-js/-/uglify-js-3.6.0.tgz",
      "integrity": "sha512-W+jrUHJr3DXKhrsS7NUVxn3zqMOFn0hL/Ei6v0anCIMoKC93TjcflTagwIHLW7SfMFfiQuktQyFVCFHGUE0+yg==",
      "optional": true,
      "requires": {
        "commander": "~2.20.0",
        "source-map": "~0.6.1"
      }
    }
  }
}
